// !$*UTF8*$!
{
	archiveVersion = 1;
	classes = {
	};
	objectVersion = 46;
	objects = {

/* Begin PBXBuildFile section */
		0464340B9176DD5D27F5E477 /* Pods_iOS_6.framework in Frameworks */ = {isa = PBXBuildFile; fileRef = 410157006E9066F57B3AED00 /* Pods_iOS_6.framework */; };
		57184B0A24527AD400D1E8DD /* Settings.bundle in Resources */ = {isa = PBXBuildFile; fileRef = 57184B0924527AD400D1E8DD /* Settings.bundle */; };
		57184B0C24527AD800D1E8DD /* SettingsBundleHelper.swift in Sources */ = {isa = PBXBuildFile; fileRef = 57184B0B24527AD700D1E8DD /* SettingsBundleHelper.swift */; };
		572C1BD51F956A0F0094CF77 /* statusBarViewController.swift in Sources */ = {isa = PBXBuildFile; fileRef = 572C1BD41F956A0F0094CF77 /* statusBarViewController.swift */; };
		57404CD71F92E5FF00A19719 /* compassViewController.swift in Sources */ = {isa = PBXBuildFile; fileRef = 57404CD61F92E5FF00A19719 /* compassViewController.swift */; };
		57404CD91F92E6D100A19719 /* LocationDelegate.swift in Sources */ = {isa = PBXBuildFile; fileRef = 57404CD81F92E6D000A19719 /* LocationDelegate.swift */; };
		5741DF6F246A05E800C2D16D /* currentCallViewController.swift in Sources */ = {isa = PBXBuildFile; fileRef = 5741DF6E246A05E800C2D16D /* currentCallViewController.swift */; };
		574268221F37A358009A39DD /* consoleViewController.swift in Sources */ = {isa = PBXBuildFile; fileRef = 574268211F37A357009A39DD /* consoleViewController.swift */; };
		574AB6012468AFC500D9EEC4 /* wallpaperView.swift in Sources */ = {isa = PBXBuildFile; fileRef = 574AB6002468AFC500D9EEC4 /* wallpaperView.swift */; };
		574AB6052468B1B100D9EEC4 /* metaWallpaperChangerCollectionViewCell.swift in Sources */ = {isa = PBXBuildFile; fileRef = 574AB6042468B1B100D9EEC4 /* metaWallpaperChangerCollectionViewCell.swift */; };
		574AB6072468B1CB00D9EEC4 /* metaWallpaperChangerViewController.swift in Sources */ = {isa = PBXBuildFile; fileRef = 574AB6062468B1CB00D9EEC4 /* metaWallpaperChangerViewController.swift */; };
		5765E1C51F2CD9D400354EDA /* ViewController.swift in Sources */ = {isa = PBXBuildFile; fileRef = 57B38A0A1F2CD7AA0020531A /* ViewController.swift */; };
		5765E1C71F2CDA8600354EDA /* AudioToolbox.framework in Frameworks */ = {isa = PBXBuildFile; fileRef = 575B5BC11F2CD8EC00F67605 /* AudioToolbox.framework */; };
		5765E1CE1F2CDB0B00354EDA /* iphone_unlock.mp3 in Resources */ = {isa = PBXBuildFile; fileRef = 5765E1CD1F2CDAF800354EDA /* iphone_unlock.mp3 */; };
		5765E1CF1F2CDB0D00354EDA /* iphone_lock_screen.mp3 in Resources */ = {isa = PBXBuildFile; fileRef = 5765E1CC1F2CDAF600354EDA /* iphone_lock_screen.mp3 */; };
		5765E1D11F2CE73D00354EDA /* camPreviewViewController.swift in Sources */ = {isa = PBXBuildFile; fileRef = 5765E1D01F2CE73D00354EDA /* camPreviewViewController.swift */; };
		57754DF624315540005C57E7 /* dtmf-2.mp3 in Resources */ = {isa = PBXBuildFile; fileRef = 57754DE92431553B005C57E7 /* dtmf-2.mp3 */; };
		57754DF724315540005C57E7 /* dtmf-5.mp3 in Resources */ = {isa = PBXBuildFile; fileRef = 57754DEA2431553B005C57E7 /* dtmf-5.mp3 */; };
		57754DF824315540005C57E7 /* dtmf-1.mp3 in Resources */ = {isa = PBXBuildFile; fileRef = 57754DEB2431553C005C57E7 /* dtmf-1.mp3 */; };
		57754DF924315540005C57E7 /* dtmf-6.mp3 in Resources */ = {isa = PBXBuildFile; fileRef = 57754DEC2431553C005C57E7 /* dtmf-6.mp3 */; };
		57754DFA24315540005C57E7 /* dtmf-hashtag.mp3 in Resources */ = {isa = PBXBuildFile; fileRef = 57754DED2431553D005C57E7 /* dtmf-hashtag.mp3 */; };
		57754DFB24315540005C57E7 /* dtmf-star.mp3 in Resources */ = {isa = PBXBuildFile; fileRef = 57754DEE2431553D005C57E7 /* dtmf-star.mp3 */; };
		57754DFC24315540005C57E7 /* dtmf-8.mp3 in Resources */ = {isa = PBXBuildFile; fileRef = 57754DEF2431553D005C57E7 /* dtmf-8.mp3 */; };
		57754DFD24315540005C57E7 /* charging.mp3 in Resources */ = {isa = PBXBuildFile; fileRef = 57754DF02431553D005C57E7 /* charging.mp3 */; };
		57754DFE24315540005C57E7 /* dtmf-4.mp3 in Resources */ = {isa = PBXBuildFile; fileRef = 57754DF12431553E005C57E7 /* dtmf-4.mp3 */; };
		57754DFF24315540005C57E7 /* dtmf-0.mp3 in Resources */ = {isa = PBXBuildFile; fileRef = 57754DF22431553E005C57E7 /* dtmf-0.mp3 */; };
		57754E0024315540005C57E7 /* dtmf-3.mp3 in Resources */ = {isa = PBXBuildFile; fileRef = 57754DF32431553E005C57E7 /* dtmf-3.mp3 */; };
		57754E0124315540005C57E7 /* dtmf-7.mp3 in Resources */ = {isa = PBXBuildFile; fileRef = 57754DF42431553F005C57E7 /* dtmf-7.mp3 */; };
		57754E0224315540005C57E7 /* dtmf-9.mp3 in Resources */ = {isa = PBXBuildFile; fileRef = 57754DF52431553F005C57E7 /* dtmf-9.mp3 */; };
		57754E0424315545005C57E7 /* photoShutter.mp3 in Resources */ = {isa = PBXBuildFile; fileRef = 57754E0324315545005C57E7 /* photoShutter.mp3 */; };
		5783F2FB1F2D3B6F009FB601 /* loxoneViewController.swift in Sources */ = {isa = PBXBuildFile; fileRef = 5783F2FA1F2D3B6F009FB601 /* loxoneViewController.swift */; };
		5783F2FD1F2D3E7C009FB601 /* musicViewController.swift in Sources */ = {isa = PBXBuildFile; fileRef = 5783F2FC1F2D3E7C009FB601 /* musicViewController.swift */; };
		578F6ADC24735B05005E8A09 /* Helper.swift in Sources */ = {isa = PBXBuildFile; fileRef = 578F6ADB24735B05005E8A09 /* Helper.swift */; };
		5794802E243922A5007385A0 /* UIPopupAlertBackground.png in Resources */ = {isa = PBXBuildFile; fileRef = 57948022243922A4007385A0 /* UIPopupAlertBackground.png */; };
		5794802F243922A5007385A0 /* UIPopupAlertSheetButton.png in Resources */ = {isa = PBXBuildFile; fileRef = 57948023243922A4007385A0 /* UIPopupAlertSheetButton.png */; };
		57948030243922A5007385A0 /* UIPopupAlertSheetButtonPress.png in Resources */ = {isa = PBXBuildFile; fileRef = 57948024243922A4007385A0 /* UIPopupAlertSheetButtonPress.png */; };
		57948031243922A5007385A0 /* UIPopupAlertSheetDefaultButton@2x.png in Resources */ = {isa = PBXBuildFile; fileRef = 57948025243922A4007385A0 /* UIPopupAlertSheetDefaultButton@2x.png */; };
		57948032243922A5007385A0 /* iOS6AlertView.m in Sources */ = {isa = PBXBuildFile; fileRef = 57948026243922A4007385A0 /* iOS6AlertView.m */; };
		57948033243922A5007385A0 /* UIPopupAlertSheetDefaultButton.png in Resources */ = {isa = PBXBuildFile; fileRef = 57948027243922A4007385A0 /* UIPopupAlertSheetDefaultButton.png */; };
		57948034243922A5007385A0 /* UIPopupAlertSheetButton@2x.png in Resources */ = {isa = PBXBuildFile; fileRef = 57948028243922A4007385A0 /* UIPopupAlertSheetButton@2x.png */; };
		57948035243922A5007385A0 /* UIPopupAlertBackground@2x.png in Resources */ = {isa = PBXBuildFile; fileRef = 57948029243922A4007385A0 /* UIPopupAlertBackground@2x.png */; };
		57948036243922A5007385A0 /* UIAlertViewDimming@2x.png in Resources */ = {isa = PBXBuildFile; fileRef = 5794802B243922A4007385A0 /* UIAlertViewDimming@2x.png */; };
		57948037243922A5007385A0 /* UIPopupAlertSheetButtonPress@2x.png in Resources */ = {isa = PBXBuildFile; fileRef = 5794802C243922A4007385A0 /* UIPopupAlertSheetButtonPress@2x.png */; };
		57948038243922A5007385A0 /* UIAlertViewDimming.png in Resources */ = {isa = PBXBuildFile; fileRef = 5794802D243922A4007385A0 /* UIAlertViewDimming.png */; };
		5794808E243922AD007385A0 /* UISwitchThumb@2x.png in Resources */ = {isa = PBXBuildFile; fileRef = 57948084243922AD007385A0 /* UISwitchThumb@2x.png */; };
		5794808F243922AD007385A0 /* UISwitchShapeShadow.png in Resources */ = {isa = PBXBuildFile; fileRef = 57948086243922AD007385A0 /* UISwitchShapeShadow.png */; };
		57948090243922AD007385A0 /* UISwitchThumbPressed@2x.png in Resources */ = {isa = PBXBuildFile; fileRef = 57948087243922AD007385A0 /* UISwitchThumbPressed@2x.png */; };
		57948091243922AD007385A0 /* iOS6Switch.m in Sources */ = {isa = PBXBuildFile; fileRef = 57948088243922AD007385A0 /* iOS6Switch.m */; };
		57948092243922AD007385A0 /* UISwitchShapeShadow@2x.png in Resources */ = {isa = PBXBuildFile; fileRef = 57948089243922AD007385A0 /* UISwitchShapeShadow@2x.png */; };
		57948093243922AD007385A0 /* UISwitchShapeMask.png in Resources */ = {isa = PBXBuildFile; fileRef = 5794808A243922AD007385A0 /* UISwitchShapeMask.png */; };
		57948094243922AD007385A0 /* UISwitchShapeMask@2x.png in Resources */ = {isa = PBXBuildFile; fileRef = 5794808B243922AD007385A0 /* UISwitchShapeMask@2x.png */; };
		57948095243922AD007385A0 /* UISwitchThumb.png in Resources */ = {isa = PBXBuildFile; fileRef = 5794808C243922AD007385A0 /* UISwitchThumb.png */; };
		57948096243922AD007385A0 /* UISwitchThumbPressed.png in Resources */ = {isa = PBXBuildFile; fileRef = 5794808D243922AD007385A0 /* UISwitchThumbPressed.png */; };
		5794809824392E9A007385A0 /* metaSettingsViewController.swift in Sources */ = {isa = PBXBuildFile; fileRef = 5794809724392E9A007385A0 /* metaSettingsViewController.swift */; };
		5794809A24393611007385A0 /* mvgViewController.swift in Sources */ = {isa = PBXBuildFile; fileRef = 5794809924393610007385A0 /* mvgViewController.swift */; };
		57983E0D1F4884A300C1BB8F /* setup.storyboard in Resources */ = {isa = PBXBuildFile; fileRef = 57983E0C1F4884A300C1BB8F /* setup.storyboard */; };
		57983E0F1F48868000C1BB8F /* setup1ViewController.swift in Sources */ = {isa = PBXBuildFile; fileRef = 57983E0E1F48868000C1BB8F /* setup1ViewController.swift */; };
		579B0BB924FDA5F800BC5C14 /* installOSViewController.swift in Sources */ = {isa = PBXBuildFile; fileRef = 579B0BB824FDA5F800BC5C14 /* installOSViewController.swift */; };
		57B38A091F2CD7AA0020531A /* AppDelegate.swift in Sources */ = {isa = PBXBuildFile; fileRef = 57B38A081F2CD7AA0020531A /* AppDelegate.swift */; };
		57B38A111F2CD7AA0020531A /* iOS_6.xcdatamodeld in Sources */ = {isa = PBXBuildFile; fileRef = 57B38A0F1F2CD7AA0020531A /* iOS_6.xcdatamodeld */; };
		57B38A5A1F2CD80E0020531A /* appstoreViewController.swift in Sources */ = {isa = PBXBuildFile; fileRef = 57B38A391F2CD80E0020531A /* appstoreViewController.swift */; };
		57B38A5B1F2CD80E0020531A /* boot1ViewController.swift in Sources */ = {isa = PBXBuildFile; fileRef = 57B38A3A1F2CD80E0020531A /* boot1ViewController.swift */; };
		57B38A5C1F2CD80E0020531A /* boot2ViewController.swift in Sources */ = {isa = PBXBuildFile; fileRef = 57B38A3B1F2CD80E0020531A /* boot2ViewController.swift */; };
		57B38A5D1F2CD80E0020531A /* boot3ViewController.swift in Sources */ = {isa = PBXBuildFile; fileRef = 57B38A3C1F2CD80E0020531A /* boot3ViewController.swift */; };
		57B38A5E1F2CD80E0020531A /* boot4ViewController.swift in Sources */ = {isa = PBXBuildFile; fileRef = 57B38A3D1F2CD80E0020531A /* boot4ViewController.swift */; };
		57B38A5F1F2CD80E0020531A /* boot5ViewController.swift in Sources */ = {isa = PBXBuildFile; fileRef = 57B38A3E1F2CD80E0020531A /* boot5ViewController.swift */; };
		57B38A601F2CD80E0020531A /* boot6ViewController.swift in Sources */ = {isa = PBXBuildFile; fileRef = 57B38A3F1F2CD80E0020531A /* boot6ViewController.swift */; };
		57B38A611F2CD80E0020531A /* boot7ViewController.swift in Sources */ = {isa = PBXBuildFile; fileRef = 57B38A401F2CD80E0020531A /* boot7ViewController.swift */; };
		57B38A621F2CD80E0020531A /* boot8ViewController.swift in Sources */ = {isa = PBXBuildFile; fileRef = 57B38A411F2CD80E0020531A /* boot8ViewController.swift */; };
		57B38A631F2CD80E0020531A /* boot9ViewController.swift in Sources */ = {isa = PBXBuildFile; fileRef = 57B38A421F2CD80E0020531A /* boot9ViewController.swift */; };
		57B38A641F2CD80E0020531A /* calculator.swift in Sources */ = {isa = PBXBuildFile; fileRef = 57B38A431F2CD80E0020531A /* calculator.swift */; };
		57B38A651F2CD80E0020531A /* cameraViewController.swift in Sources */ = {isa = PBXBuildFile; fileRef = 57B38A441F2CD80E0020531A /* cameraViewController.swift */; };
		57B38A661F2CD80E0020531A /* facebookViewController.swift in Sources */ = {isa = PBXBuildFile; fileRef = 57B38A451F2CD80E0020531A /* facebookViewController.swift */; };
		57B38A671F2CD80E0020531A /* homescreen2ViewController.swift in Sources */ = {isa = PBXBuildFile; fileRef = 57B38A461F2CD80E0020531A /* homescreen2ViewController.swift */; };
		57B38A681F2CD80E0020531A /* iPad.storyboard in Resources */ = {isa = PBXBuildFile; fileRef = 57B38A481F2CD80E0020531A /* iPad.storyboard */; };
		57B38A691F2CD80E0020531A /* LaunchScreen.storyboard in Resources */ = {isa = PBXBuildFile; fileRef = 57B38A491F2CD80E0020531A /* LaunchScreen.storyboard */; };
		57B38A6A1F2CD80E0020531A /* lockscreenViewController.swift in Sources */ = {isa = PBXBuildFile; fileRef = 57B38A4A1F2CD80E0020531A /* lockscreenViewController.swift */; };
		57B38A6B1F2CD80E0020531A /* Main.storyboard in Resources */ = {isa = PBXBuildFile; fileRef = 57B38A4B1F2CD80E0020531A /* Main.storyboard */; };
		57B38A6C1F2CD80E0020531A /* mapsViewController.swift in Sources */ = {isa = PBXBuildFile; fileRef = 57B38A4C1F2CD80E0020531A /* mapsViewController.swift */; };
		57B38A6D1F2CD80E0020531A /* messagesViewController.swift in Sources */ = {isa = PBXBuildFile; fileRef = 57B38A4D1F2CD80E0020531A /* messagesViewController.swift */; };
		57B38A6E1F2CD80E0020531A /* notesViewController.swift in Sources */ = {isa = PBXBuildFile; fileRef = 57B38A4E1F2CD80E0020531A /* notesViewController.swift */; };
		57B38A6F1F2CD80E0020531A /* noverbosebootViewController.swift in Sources */ = {isa = PBXBuildFile; fileRef = 57B38A4F1F2CD80E0020531A /* noverbosebootViewController.swift */; };
		57B38A701F2CD80E0020531A /* passbookViewController.swift in Sources */ = {isa = PBXBuildFile; fileRef = 57B38A501F2CD80E0020531A /* passbookViewController.swift */; };
		57B38A711F2CD80E0020531A /* safariViewController.swift in Sources */ = {isa = PBXBuildFile; fileRef = 57B38A511F2CD80E0020531A /* safariViewController.swift */; };
		57B38A721F2CD80E0020531A /* settingsViewController.swift in Sources */ = {isa = PBXBuildFile; fileRef = 57B38A521F2CD80E0020531A /* settingsViewController.swift */; };
		57B38A731F2CD80E0020531A /* tttlViewController.swift in Sources */ = {isa = PBXBuildFile; fileRef = 57B38A531F2CD80E0020531A /* tttlViewController.swift */; };
		57B38A741F2CD80E0020531A /* unlock1ViewController.swift in Sources */ = {isa = PBXBuildFile; fileRef = 57B38A541F2CD80E0020531A /* unlock1ViewController.swift */; };
		57B38A751F2CD80E0020531A /* unlock2ViewController.swift in Sources */ = {isa = PBXBuildFile; fileRef = 57B38A551F2CD80E0020531A /* unlock2ViewController.swift */; };
		57B38A761F2CD80E0020531A /* unlock3ViewController.swift in Sources */ = {isa = PBXBuildFile; fileRef = 57B38A561F2CD80E0020531A /* unlock3ViewController.swift */; };
		57B38A771F2CD80E0020531A /* unlock4ViewController.swift in Sources */ = {isa = PBXBuildFile; fileRef = 57B38A571F2CD80E0020531A /* unlock4ViewController.swift */; };
		57B38A781F2CD80E0020531A /* unlock5ViewController.swift in Sources */ = {isa = PBXBuildFile; fileRef = 57B38A581F2CD80E0020531A /* unlock5ViewController.swift */; };
		57BB51A3246B5B2D0096CAA2 /* phoneAdressbookViewController.swift in Sources */ = {isa = PBXBuildFile; fileRef = 57BB51A2246B5B2D0096CAA2 /* phoneAdressbookViewController.swift */; };
		57BB51A5246B5B470096CAA2 /* adressBookTableViewCell.swift in Sources */ = {isa = PBXBuildFile; fileRef = 57BB51A4246B5B470096CAA2 /* adressBookTableViewCell.swift */; };
		57C642881F2E264600206A7D /* phoneViewController.swift in Sources */ = {isa = PBXBuildFile; fileRef = 57C642871F2E264600206A7D /* phoneViewController.swift */; };
		57D8B4621F2E757200E97D7C /* shimmerButtonViewController.swift in Sources */ = {isa = PBXBuildFile; fileRef = 57D8B4611F2E757200E97D7C /* shimmerButtonViewController.swift */; };
		57DA0CB81F47AD9F001DECC4 /* bootErrorViewController.swift in Sources */ = {isa = PBXBuildFile; fileRef = 57DA0CB71F47AD9F001DECC4 /* bootErrorViewController.swift */; };
		57DAD1E21F77EF5600144B15 /* lockscreenDeactivatedViewController.swift in Sources */ = {isa = PBXBuildFile; fileRef = 57DAD1E11F77EF5600144B15 /* lockscreenDeactivatedViewController.swift */; };
		57DFE5532CEAA15700772548 /* Extensions.swift in Sources */ = {isa = PBXBuildFile; fileRef = 57DFE5522CEAA15700772548 /* Extensions.swift */; };
		57E8DE2C24539EFD0056F2F3 /* mailViewController.swift in Sources */ = {isa = PBXBuildFile; fileRef = 57E8DE2B24539EFD0056F2F3 /* mailViewController.swift */; };
		57E8DE2E2453A29F0056F2F3 /* mailListTableViewCell.swift in Sources */ = {isa = PBXBuildFile; fileRef = 57E8DE2D2453A29F0056F2F3 /* mailListTableViewCell.swift */; };
		57E8DE302453BAE10056F2F3 /* new-mail.caf in Resources */ = {isa = PBXBuildFile; fileRef = 57E8DE2F2453BAE10056F2F3 /* new-mail.caf */; };
		57F4CA6D1F477E75008C89AD /* testViewController.swift in Sources */ = {isa = PBXBuildFile; fileRef = 57F4CA6C1F477E75008C89AD /* testViewController.swift */; };
		57F4CA6F1F478D1A008C89AD /* singleCodeViewController.swift in Sources */ = {isa = PBXBuildFile; fileRef = 57F4CA6E1F478D1A008C89AD /* singleCodeViewController.swift */; };
		57F53CAA2550A0CC00FE93BF /* Assets.xcassets in Resources */ = {isa = PBXBuildFile; fileRef = 57F53CA92550A0CB00FE93BF /* Assets.xcassets */; };
		57FAC2761F479F6B00B1E254 /* reachability.swift in Sources */ = {isa = PBXBuildFile; fileRef = 57FAC2751F479F6A00B1E254 /* reachability.swift */; };
		640B2E49267FEF9000EA53C7 /* Hackensack.ttf in Resources */ = {isa = PBXBuildFile; fileRef = 640B2E46267FEF9000EA53C7 /* Hackensack.ttf */; };
		640B2E4A267FEF9000EA53C7 /* Phosphate-Inline.ttf in Resources */ = {isa = PBXBuildFile; fileRef = 640B2E47267FEF9000EA53C7 /* Phosphate-Inline.ttf */; };
		640B2E4B267FEF9000EA53C7 /* Superclarendon Bold.ttf in Resources */ = {isa = PBXBuildFile; fileRef = 640B2E48267FEF9000EA53C7 /* Superclarendon Bold.ttf */; };
		64EF8B69267FEB5C00C8286D /* splashSetup.storyboard in Resources */ = {isa = PBXBuildFile; fileRef = 64EF8B68267FEB5C00C8286D /* splashSetup.storyboard */; };
		64F626C3267FF3B700EFA757 /* splashSetupFinishViewController.swift in Sources */ = {isa = PBXBuildFile; fileRef = 64F626C2267FF3B700EFA757 /* splashSetupFinishViewController.swift */; };
		64F626C5267FF48400EFA757 /* Bridge.storyboard in Resources */ = {isa = PBXBuildFile; fileRef = 64F626C4267FF48400EFA757 /* Bridge.storyboard */; };
		64F626C7267FF49000EFA757 /* bridgeViewController.swift in Sources */ = {isa = PBXBuildFile; fileRef = 64F626C6267FF49000EFA757 /* bridgeViewController.swift */; };
		64FDDFE1281A15F900409106 /* icloudLoginViewController.swift in Sources */ = {isa = PBXBuildFile; fileRef = 64FDDFE0281A15F900409106 /* icloudLoginViewController.swift */; };
/* End PBXBuildFile section */

/* Begin PBXCopyFilesBuildPhase section */
		571415581F93FE9C00C79D1F /* Embed App Extensions */ = {
			isa = PBXCopyFilesBuildPhase;
			buildActionMask = 2147483647;
			dstPath = "";
			dstSubfolderSpec = 13;
			files = (
			);
			name = "Embed App Extensions";
			runOnlyForDeploymentPostprocessing = 0;
		};
		57DF93301F44B86700576006 /* Embed Frameworks */ = {
			isa = PBXCopyFilesBuildPhase;
			buildActionMask = 2147483647;
			dstPath = "";
			dstSubfolderSpec = 10;
			files = (
			);
			name = "Embed Frameworks";
			runOnlyForDeploymentPostprocessing = 0;
		};
/* End PBXCopyFilesBuildPhase section */

/* Begin PBXFileReference section */
		3AECB992EA1749E9E1CBE5B4 /* Pods-iOS 6.debug.xcconfig */ = {isa = PBXFileReference; includeInIndex = 1; lastKnownFileType = text.xcconfig; name = "Pods-iOS 6.debug.xcconfig"; path = "Target Support Files/Pods-iOS 6/Pods-iOS 6.debug.xcconfig"; sourceTree = "<group>"; };
		410157006E9066F57B3AED00 /* Pods_iOS_6.framework */ = {isa = PBXFileReference; explicitFileType = wrapper.framework; includeInIndex = 0; path = Pods_iOS_6.framework; sourceTree = BUILT_PRODUCTS_DIR; };
		5714154F1F93FE9C00C79D1F /* KeyboardViewController.swift */ = {isa = PBXFileReference; lastKnownFileType = sourcecode.swift; path = KeyboardViewController.swift; sourceTree = "<group>"; };
		571415511F93FE9C00C79D1F /* Info.plist */ = {isa = PBXFileReference; lastKnownFileType = text.plist.xml; path = Info.plist; sourceTree = "<group>"; };
		571415591F9400A800C79D1F /* keyboard.storyboard */ = {isa = PBXFileReference; fileEncoding = 4; lastKnownFileType = file.storyboard; path = keyboard.storyboard; sourceTree = "<group>"; };
		57184B0924527AD400D1E8DD /* Settings.bundle */ = {isa = PBXFileReference; lastKnownFileType = "wrapper.plug-in"; path = Settings.bundle; sourceTree = "<group>"; };
		57184B0B24527AD700D1E8DD /* SettingsBundleHelper.swift */ = {isa = PBXFileReference; fileEncoding = 4; lastKnownFileType = sourcecode.swift; path = SettingsBundleHelper.swift; sourceTree = "<group>"; };
		572C1BD41F956A0F0094CF77 /* statusBarViewController.swift */ = {isa = PBXFileReference; lastKnownFileType = sourcecode.swift; path = statusBarViewController.swift; sourceTree = "<group>"; };
		57404CD61F92E5FF00A19719 /* compassViewController.swift */ = {isa = PBXFileReference; lastKnownFileType = sourcecode.swift; path = compassViewController.swift; sourceTree = "<group>"; };
		57404CD81F92E6D000A19719 /* LocationDelegate.swift */ = {isa = PBXFileReference; fileEncoding = 4; lastKnownFileType = sourcecode.swift; path = LocationDelegate.swift; sourceTree = "<group>"; };
		5741DF6E246A05E800C2D16D /* currentCallViewController.swift */ = {isa = PBXFileReference; lastKnownFileType = sourcecode.swift; path = currentCallViewController.swift; sourceTree = "<group>"; };
		574268211F37A357009A39DD /* consoleViewController.swift */ = {isa = PBXFileReference; lastKnownFileType = sourcecode.swift; path = consoleViewController.swift; sourceTree = "<group>"; };
		574AB6002468AFC500D9EEC4 /* wallpaperView.swift */ = {isa = PBXFileReference; lastKnownFileType = sourcecode.swift; path = wallpaperView.swift; sourceTree = "<group>"; };
		574AB6042468B1B100D9EEC4 /* metaWallpaperChangerCollectionViewCell.swift */ = {isa = PBXFileReference; lastKnownFileType = sourcecode.swift; path = metaWallpaperChangerCollectionViewCell.swift; sourceTree = "<group>"; };
		574AB6062468B1CB00D9EEC4 /* metaWallpaperChangerViewController.swift */ = {isa = PBXFileReference; lastKnownFileType = sourcecode.swift; path = metaWallpaperChangerViewController.swift; sourceTree = "<group>"; };
		575B5BC11F2CD8EC00F67605 /* AudioToolbox.framework */ = {isa = PBXFileReference; lastKnownFileType = wrapper.framework; name = AudioToolbox.framework; path = System/Library/Frameworks/AudioToolbox.framework; sourceTree = SDKROOT; };
		5765E1CC1F2CDAF600354EDA /* iphone_lock_screen.mp3 */ = {isa = PBXFileReference; lastKnownFileType = audio.mp3; path = iphone_lock_screen.mp3; sourceTree = "<group>"; };
		5765E1CD1F2CDAF800354EDA /* iphone_unlock.mp3 */ = {isa = PBXFileReference; lastKnownFileType = audio.mp3; path = iphone_unlock.mp3; sourceTree = "<group>"; };
		5765E1D01F2CE73D00354EDA /* camPreviewViewController.swift */ = {isa = PBXFileReference; lastKnownFileType = sourcecode.swift; path = camPreviewViewController.swift; sourceTree = "<group>"; };
		57754DE92431553B005C57E7 /* dtmf-2.mp3 */ = {isa = PBXFileReference; lastKnownFileType = audio.mp3; path = "dtmf-2.mp3"; sourceTree = "<group>"; };
		57754DEA2431553B005C57E7 /* dtmf-5.mp3 */ = {isa = PBXFileReference; lastKnownFileType = audio.mp3; path = "dtmf-5.mp3"; sourceTree = "<group>"; };
		57754DEB2431553C005C57E7 /* dtmf-1.mp3 */ = {isa = PBXFileReference; lastKnownFileType = audio.mp3; path = "dtmf-1.mp3"; sourceTree = "<group>"; };
		57754DEC2431553C005C57E7 /* dtmf-6.mp3 */ = {isa = PBXFileReference; lastKnownFileType = audio.mp3; path = "dtmf-6.mp3"; sourceTree = "<group>"; };
		57754DED2431553D005C57E7 /* dtmf-hashtag.mp3 */ = {isa = PBXFileReference; lastKnownFileType = audio.mp3; path = "dtmf-hashtag.mp3"; sourceTree = "<group>"; };
		57754DEE2431553D005C57E7 /* dtmf-star.mp3 */ = {isa = PBXFileReference; lastKnownFileType = audio.mp3; path = "dtmf-star.mp3"; sourceTree = "<group>"; };
		57754DEF2431553D005C57E7 /* dtmf-8.mp3 */ = {isa = PBXFileReference; lastKnownFileType = audio.mp3; path = "dtmf-8.mp3"; sourceTree = "<group>"; };
		57754DF02431553D005C57E7 /* charging.mp3 */ = {isa = PBXFileReference; lastKnownFileType = audio.mp3; path = charging.mp3; sourceTree = "<group>"; };
		57754DF12431553E005C57E7 /* dtmf-4.mp3 */ = {isa = PBXFileReference; lastKnownFileType = audio.mp3; path = "dtmf-4.mp3"; sourceTree = "<group>"; };
		57754DF22431553E005C57E7 /* dtmf-0.mp3 */ = {isa = PBXFileReference; lastKnownFileType = audio.mp3; path = "dtmf-0.mp3"; sourceTree = "<group>"; };
		57754DF32431553E005C57E7 /* dtmf-3.mp3 */ = {isa = PBXFileReference; lastKnownFileType = audio.mp3; path = "dtmf-3.mp3"; sourceTree = "<group>"; };
		57754DF42431553F005C57E7 /* dtmf-7.mp3 */ = {isa = PBXFileReference; lastKnownFileType = audio.mp3; path = "dtmf-7.mp3"; sourceTree = "<group>"; };
		57754DF52431553F005C57E7 /* dtmf-9.mp3 */ = {isa = PBXFileReference; lastKnownFileType = audio.mp3; path = "dtmf-9.mp3"; sourceTree = "<group>"; };
		57754E0324315545005C57E7 /* photoShutter.mp3 */ = {isa = PBXFileReference; lastKnownFileType = audio.mp3; path = photoShutter.mp3; sourceTree = "<group>"; };
		5783F2FA1F2D3B6F009FB601 /* loxoneViewController.swift */ = {isa = PBXFileReference; lastKnownFileType = sourcecode.swift; path = loxoneViewController.swift; sourceTree = "<group>"; };
		5783F2FC1F2D3E7C009FB601 /* musicViewController.swift */ = {isa = PBXFileReference; lastKnownFileType = sourcecode.swift; path = musicViewController.swift; sourceTree = "<group>"; };
		578F6ADB24735B05005E8A09 /* Helper.swift */ = {isa = PBXFileReference; lastKnownFileType = sourcecode.swift; path = Helper.swift; sourceTree = "<group>"; };
		57948022243922A4007385A0 /* UIPopupAlertBackground.png */ = {isa = PBXFileReference; lastKnownFileType = image.png; path = UIPopupAlertBackground.png; sourceTree = "<group>"; };
		57948023243922A4007385A0 /* UIPopupAlertSheetButton.png */ = {isa = PBXFileReference; lastKnownFileType = image.png; path = UIPopupAlertSheetButton.png; sourceTree = "<group>"; };
		57948024243922A4007385A0 /* UIPopupAlertSheetButtonPress.png */ = {isa = PBXFileReference; lastKnownFileType = image.png; path = UIPopupAlertSheetButtonPress.png; sourceTree = "<group>"; };
		57948025243922A4007385A0 /* UIPopupAlertSheetDefaultButton@2x.png */ = {isa = PBXFileReference; lastKnownFileType = image.png; path = "UIPopupAlertSheetDefaultButton@2x.png"; sourceTree = "<group>"; };
		57948026243922A4007385A0 /* iOS6AlertView.m */ = {isa = PBXFileReference; fileEncoding = 4; lastKnownFileType = sourcecode.c.objc; path = iOS6AlertView.m; sourceTree = "<group>"; };
		57948027243922A4007385A0 /* UIPopupAlertSheetDefaultButton.png */ = {isa = PBXFileReference; lastKnownFileType = image.png; path = UIPopupAlertSheetDefaultButton.png; sourceTree = "<group>"; };
		57948028243922A4007385A0 /* UIPopupAlertSheetButton@2x.png */ = {isa = PBXFileReference; lastKnownFileType = image.png; path = "UIPopupAlertSheetButton@2x.png"; sourceTree = "<group>"; };
		57948029243922A4007385A0 /* UIPopupAlertBackground@2x.png */ = {isa = PBXFileReference; lastKnownFileType = image.png; path = "UIPopupAlertBackground@2x.png"; sourceTree = "<group>"; };
		5794802A243922A4007385A0 /* iOS6AlertView.h */ = {isa = PBXFileReference; fileEncoding = 4; lastKnownFileType = sourcecode.c.h; path = iOS6AlertView.h; sourceTree = "<group>"; };
		5794802B243922A4007385A0 /* UIAlertViewDimming@2x.png */ = {isa = PBXFileReference; lastKnownFileType = image.png; path = "UIAlertViewDimming@2x.png"; sourceTree = "<group>"; };
		5794802C243922A4007385A0 /* UIPopupAlertSheetButtonPress@2x.png */ = {isa = PBXFileReference; lastKnownFileType = image.png; path = "UIPopupAlertSheetButtonPress@2x.png"; sourceTree = "<group>"; };
		5794802D243922A4007385A0 /* UIAlertViewDimming.png */ = {isa = PBXFileReference; lastKnownFileType = image.png; path = UIAlertViewDimming.png; sourceTree = "<group>"; };
		57948084243922AD007385A0 /* UISwitchThumb@2x.png */ = {isa = PBXFileReference; lastKnownFileType = image.png; path = "UISwitchThumb@2x.png"; sourceTree = "<group>"; };
		57948085243922AD007385A0 /* iOS6Switch.h */ = {isa = PBXFileReference; fileEncoding = 4; lastKnownFileType = sourcecode.c.h; path = iOS6Switch.h; sourceTree = "<group>"; };
		57948086243922AD007385A0 /* UISwitchShapeShadow.png */ = {isa = PBXFileReference; lastKnownFileType = image.png; path = UISwitchShapeShadow.png; sourceTree = "<group>"; };
		57948087243922AD007385A0 /* UISwitchThumbPressed@2x.png */ = {isa = PBXFileReference; lastKnownFileType = image.png; path = "UISwitchThumbPressed@2x.png"; sourceTree = "<group>"; };
		57948088243922AD007385A0 /* iOS6Switch.m */ = {isa = PBXFileReference; fileEncoding = 4; lastKnownFileType = sourcecode.c.objc; path = iOS6Switch.m; sourceTree = "<group>"; };
		57948089243922AD007385A0 /* UISwitchShapeShadow@2x.png */ = {isa = PBXFileReference; lastKnownFileType = image.png; path = "UISwitchShapeShadow@2x.png"; sourceTree = "<group>"; };
		5794808A243922AD007385A0 /* UISwitchShapeMask.png */ = {isa = PBXFileReference; lastKnownFileType = image.png; path = UISwitchShapeMask.png; sourceTree = "<group>"; };
		5794808B243922AD007385A0 /* UISwitchShapeMask@2x.png */ = {isa = PBXFileReference; lastKnownFileType = image.png; path = "UISwitchShapeMask@2x.png"; sourceTree = "<group>"; };
		5794808C243922AD007385A0 /* UISwitchThumb.png */ = {isa = PBXFileReference; lastKnownFileType = image.png; path = UISwitchThumb.png; sourceTree = "<group>"; };
		5794808D243922AD007385A0 /* UISwitchThumbPressed.png */ = {isa = PBXFileReference; lastKnownFileType = image.png; path = UISwitchThumbPressed.png; sourceTree = "<group>"; };
		5794809724392E9A007385A0 /* metaSettingsViewController.swift */ = {isa = PBXFileReference; lastKnownFileType = sourcecode.swift; path = metaSettingsViewController.swift; sourceTree = "<group>"; };
		5794809924393610007385A0 /* mvgViewController.swift */ = {isa = PBXFileReference; lastKnownFileType = sourcecode.swift; path = mvgViewController.swift; sourceTree = "<group>"; };
		57983E0C1F4884A300C1BB8F /* setup.storyboard */ = {isa = PBXFileReference; lastKnownFileType = file.storyboard; path = setup.storyboard; sourceTree = "<group>"; };
		57983E0E1F48868000C1BB8F /* setup1ViewController.swift */ = {isa = PBXFileReference; lastKnownFileType = sourcecode.swift; path = setup1ViewController.swift; sourceTree = "<group>"; };
		579B0BB824FDA5F800BC5C14 /* installOSViewController.swift */ = {isa = PBXFileReference; lastKnownFileType = sourcecode.swift; path = installOSViewController.swift; sourceTree = "<group>"; };
		57B38A051F2CD7AA0020531A /* iOS 6.app */ = {isa = PBXFileReference; explicitFileType = wrapper.application; includeInIndex = 0; path = "iOS 6.app"; sourceTree = BUILT_PRODUCTS_DIR; };
		57B38A081F2CD7AA0020531A /* AppDelegate.swift */ = {isa = PBXFileReference; lastKnownFileType = sourcecode.swift; path = AppDelegate.swift; sourceTree = "<group>"; };
		57B38A0A1F2CD7AA0020531A /* ViewController.swift */ = {isa = PBXFileReference; lastKnownFileType = sourcecode.swift; path = ViewController.swift; sourceTree = "<group>"; };
		57B38A101F2CD7AA0020531A /* iOS_6.xcdatamodel */ = {isa = PBXFileReference; lastKnownFileType = wrapper.xcdatamodel; path = iOS_6.xcdatamodel; sourceTree = "<group>"; };
		57B38A171F2CD7AA0020531A /* Info.plist */ = {isa = PBXFileReference; lastKnownFileType = text.plist.xml; path = Info.plist; sourceTree = "<group>"; };
		57B38A391F2CD80E0020531A /* appstoreViewController.swift */ = {isa = PBXFileReference; fileEncoding = 4; lastKnownFileType = sourcecode.swift; path = appstoreViewController.swift; sourceTree = "<group>"; };
		57B38A3A1F2CD80E0020531A /* boot1ViewController.swift */ = {isa = PBXFileReference; fileEncoding = 4; lastKnownFileType = sourcecode.swift; path = boot1ViewController.swift; sourceTree = "<group>"; };
		57B38A3B1F2CD80E0020531A /* boot2ViewController.swift */ = {isa = PBXFileReference; fileEncoding = 4; lastKnownFileType = sourcecode.swift; path = boot2ViewController.swift; sourceTree = "<group>"; };
		57B38A3C1F2CD80E0020531A /* boot3ViewController.swift */ = {isa = PBXFileReference; fileEncoding = 4; lastKnownFileType = sourcecode.swift; path = boot3ViewController.swift; sourceTree = "<group>"; };
		57B38A3D1F2CD80E0020531A /* boot4ViewController.swift */ = {isa = PBXFileReference; fileEncoding = 4; lastKnownFileType = sourcecode.swift; path = boot4ViewController.swift; sourceTree = "<group>"; };
		57B38A3E1F2CD80E0020531A /* boot5ViewController.swift */ = {isa = PBXFileReference; fileEncoding = 4; lastKnownFileType = sourcecode.swift; path = boot5ViewController.swift; sourceTree = "<group>"; };
		57B38A3F1F2CD80E0020531A /* boot6ViewController.swift */ = {isa = PBXFileReference; fileEncoding = 4; lastKnownFileType = sourcecode.swift; path = boot6ViewController.swift; sourceTree = "<group>"; };
		57B38A401F2CD80E0020531A /* boot7ViewController.swift */ = {isa = PBXFileReference; fileEncoding = 4; lastKnownFileType = sourcecode.swift; path = boot7ViewController.swift; sourceTree = "<group>"; };
		57B38A411F2CD80E0020531A /* boot8ViewController.swift */ = {isa = PBXFileReference; fileEncoding = 4; lastKnownFileType = sourcecode.swift; path = boot8ViewController.swift; sourceTree = "<group>"; };
		57B38A421F2CD80E0020531A /* boot9ViewController.swift */ = {isa = PBXFileReference; fileEncoding = 4; lastKnownFileType = sourcecode.swift; path = boot9ViewController.swift; sourceTree = "<group>"; };
		57B38A431F2CD80E0020531A /* calculator.swift */ = {isa = PBXFileReference; fileEncoding = 4; lastKnownFileType = sourcecode.swift; path = calculator.swift; sourceTree = "<group>"; };
		57B38A441F2CD80E0020531A /* cameraViewController.swift */ = {isa = PBXFileReference; fileEncoding = 4; lastKnownFileType = sourcecode.swift; path = cameraViewController.swift; sourceTree = "<group>"; };
		57B38A451F2CD80E0020531A /* facebookViewController.swift */ = {isa = PBXFileReference; fileEncoding = 4; lastKnownFileType = sourcecode.swift; path = facebookViewController.swift; sourceTree = "<group>"; };
		57B38A461F2CD80E0020531A /* homescreen2ViewController.swift */ = {isa = PBXFileReference; fileEncoding = 4; lastKnownFileType = sourcecode.swift; path = homescreen2ViewController.swift; sourceTree = "<group>"; };
		57B38A471F2CD80E0020531A /* iOS 6.entitlements */ = {isa = PBXFileReference; fileEncoding = 4; lastKnownFileType = text.plist.entitlements; path = "iOS 6.entitlements"; sourceTree = "<group>"; };
		57B38A481F2CD80E0020531A /* iPad.storyboard */ = {isa = PBXFileReference; fileEncoding = 4; lastKnownFileType = file.storyboard; path = iPad.storyboard; sourceTree = "<group>"; };
		57B38A491F2CD80E0020531A /* LaunchScreen.storyboard */ = {isa = PBXFileReference; fileEncoding = 4; lastKnownFileType = file.storyboard; path = LaunchScreen.storyboard; sourceTree = "<group>"; };
		57B38A4A1F2CD80E0020531A /* lockscreenViewController.swift */ = {isa = PBXFileReference; fileEncoding = 4; lastKnownFileType = sourcecode.swift; path = lockscreenViewController.swift; sourceTree = "<group>"; };
		57B38A4B1F2CD80E0020531A /* Main.storyboard */ = {isa = PBXFileReference; fileEncoding = 4; lastKnownFileType = file.storyboard; path = Main.storyboard; sourceTree = "<group>"; };
		57B38A4C1F2CD80E0020531A /* mapsViewController.swift */ = {isa = PBXFileReference; fileEncoding = 4; lastKnownFileType = sourcecode.swift; path = mapsViewController.swift; sourceTree = "<group>"; };
		57B38A4D1F2CD80E0020531A /* messagesViewController.swift */ = {isa = PBXFileReference; fileEncoding = 4; lastKnownFileType = sourcecode.swift; path = messagesViewController.swift; sourceTree = "<group>"; };
		57B38A4E1F2CD80E0020531A /* notesViewController.swift */ = {isa = PBXFileReference; fileEncoding = 4; lastKnownFileType = sourcecode.swift; path = notesViewController.swift; sourceTree = "<group>"; };
		57B38A4F1F2CD80E0020531A /* noverbosebootViewController.swift */ = {isa = PBXFileReference; fileEncoding = 4; lastKnownFileType = sourcecode.swift; path = noverbosebootViewController.swift; sourceTree = "<group>"; };
		57B38A501F2CD80E0020531A /* passbookViewController.swift */ = {isa = PBXFileReference; fileEncoding = 4; lastKnownFileType = sourcecode.swift; path = passbookViewController.swift; sourceTree = "<group>"; };
		57B38A511F2CD80E0020531A /* safariViewController.swift */ = {isa = PBXFileReference; fileEncoding = 4; lastKnownFileType = sourcecode.swift; path = safariViewController.swift; sourceTree = "<group>"; };
		57B38A521F2CD80E0020531A /* settingsViewController.swift */ = {isa = PBXFileReference; fileEncoding = 4; lastKnownFileType = sourcecode.swift; path = settingsViewController.swift; sourceTree = "<group>"; };
		57B38A531F2CD80E0020531A /* tttlViewController.swift */ = {isa = PBXFileReference; fileEncoding = 4; lastKnownFileType = sourcecode.swift; path = tttlViewController.swift; sourceTree = "<group>"; };
		57B38A541F2CD80E0020531A /* unlock1ViewController.swift */ = {isa = PBXFileReference; fileEncoding = 4; lastKnownFileType = sourcecode.swift; path = unlock1ViewController.swift; sourceTree = "<group>"; };
		57B38A551F2CD80E0020531A /* unlock2ViewController.swift */ = {isa = PBXFileReference; fileEncoding = 4; lastKnownFileType = sourcecode.swift; path = unlock2ViewController.swift; sourceTree = "<group>"; };
		57B38A561F2CD80E0020531A /* unlock3ViewController.swift */ = {isa = PBXFileReference; fileEncoding = 4; lastKnownFileType = sourcecode.swift; path = unlock3ViewController.swift; sourceTree = "<group>"; };
		57B38A571F2CD80E0020531A /* unlock4ViewController.swift */ = {isa = PBXFileReference; fileEncoding = 4; lastKnownFileType = sourcecode.swift; path = unlock4ViewController.swift; sourceTree = "<group>"; };
		57B38A581F2CD80E0020531A /* unlock5ViewController.swift */ = {isa = PBXFileReference; fileEncoding = 4; lastKnownFileType = sourcecode.swift; path = unlock5ViewController.swift; sourceTree = "<group>"; };
		57BB51A2246B5B2D0096CAA2 /* phoneAdressbookViewController.swift */ = {isa = PBXFileReference; lastKnownFileType = sourcecode.swift; path = phoneAdressbookViewController.swift; sourceTree = "<group>"; };
		57BB51A4246B5B470096CAA2 /* adressBookTableViewCell.swift */ = {isa = PBXFileReference; lastKnownFileType = sourcecode.swift; path = adressBookTableViewCell.swift; sourceTree = "<group>"; };
		57C642871F2E264600206A7D /* phoneViewController.swift */ = {isa = PBXFileReference; lastKnownFileType = sourcecode.swift; path = phoneViewController.swift; sourceTree = "<group>"; };
		57D8B4611F2E757200E97D7C /* shimmerButtonViewController.swift */ = {isa = PBXFileReference; lastKnownFileType = sourcecode.swift; path = shimmerButtonViewController.swift; sourceTree = "<group>"; };
		57DA0CB71F47AD9F001DECC4 /* bootErrorViewController.swift */ = {isa = PBXFileReference; lastKnownFileType = sourcecode.swift; path = bootErrorViewController.swift; sourceTree = "<group>"; };
		57DAD1E11F77EF5600144B15 /* lockscreenDeactivatedViewController.swift */ = {isa = PBXFileReference; lastKnownFileType = sourcecode.swift; path = lockscreenDeactivatedViewController.swift; sourceTree = "<group>"; };
		57DFE5522CEAA15700772548 /* Extensions.swift */ = {isa = PBXFileReference; lastKnownFileType = sourcecode.swift; path = Extensions.swift; sourceTree = "<group>"; };
		57E8DE2B24539EFD0056F2F3 /* mailViewController.swift */ = {isa = PBXFileReference; lastKnownFileType = sourcecode.swift; path = mailViewController.swift; sourceTree = "<group>"; };
		57E8DE2D2453A29F0056F2F3 /* mailListTableViewCell.swift */ = {isa = PBXFileReference; lastKnownFileType = sourcecode.swift; path = mailListTableViewCell.swift; sourceTree = "<group>"; };
		57E8DE2F2453BAE10056F2F3 /* new-mail.caf */ = {isa = PBXFileReference; lastKnownFileType = file; path = "new-mail.caf"; sourceTree = "<group>"; };
		57F4CA6C1F477E75008C89AD /* testViewController.swift */ = {isa = PBXFileReference; lastKnownFileType = sourcecode.swift; path = testViewController.swift; sourceTree = "<group>"; };
		57F4CA6E1F478D1A008C89AD /* singleCodeViewController.swift */ = {isa = PBXFileReference; lastKnownFileType = sourcecode.swift; path = singleCodeViewController.swift; sourceTree = "<group>"; };
		57F53CA92550A0CB00FE93BF /* Assets.xcassets */ = {isa = PBXFileReference; lastKnownFileType = folder.assetcatalog; path = Assets.xcassets; sourceTree = "<group>"; };
		57FAC2751F479F6A00B1E254 /* reachability.swift */ = {isa = PBXFileReference; lastKnownFileType = sourcecode.swift; path = reachability.swift; sourceTree = "<group>"; };
		640B2E46267FEF9000EA53C7 /* Hackensack.ttf */ = {isa = PBXFileReference; lastKnownFileType = file; path = Hackensack.ttf; sourceTree = "<group>"; };
		640B2E47267FEF9000EA53C7 /* Phosphate-Inline.ttf */ = {isa = PBXFileReference; lastKnownFileType = file; path = "Phosphate-Inline.ttf"; sourceTree = "<group>"; };
		640B2E48267FEF9000EA53C7 /* Superclarendon Bold.ttf */ = {isa = PBXFileReference; lastKnownFileType = file; path = "Superclarendon Bold.ttf"; sourceTree = "<group>"; };
		64EF8B68267FEB5C00C8286D /* splashSetup.storyboard */ = {isa = PBXFileReference; lastKnownFileType = file.storyboard; path = splashSetup.storyboard; sourceTree = "<group>"; };
		64F626C2267FF3B700EFA757 /* splashSetupFinishViewController.swift */ = {isa = PBXFileReference; lastKnownFileType = sourcecode.swift; name = splashSetupFinishViewController.swift; path = "iOS 6/splashSetupFinishViewController.swift"; sourceTree = "<group>"; };
		64F626C4267FF48400EFA757 /* Bridge.storyboard */ = {isa = PBXFileReference; lastKnownFileType = file.storyboard; path = Bridge.storyboard; sourceTree = "<group>"; };
		64F626C6267FF49000EFA757 /* bridgeViewController.swift */ = {isa = PBXFileReference; lastKnownFileType = sourcecode.swift; path = bridgeViewController.swift; sourceTree = "<group>"; };
		64FDDFE0281A15F900409106 /* icloudLoginViewController.swift */ = {isa = PBXFileReference; lastKnownFileType = sourcecode.swift; path = icloudLoginViewController.swift; sourceTree = "<group>"; };
		8283E0F5F1C91349DB5DF78A /* Pods-iOS 6.release.xcconfig */ = {isa = PBXFileReference; includeInIndex = 1; lastKnownFileType = text.xcconfig; name = "Pods-iOS 6.release.xcconfig"; path = "Target Support Files/Pods-iOS 6/Pods-iOS 6.release.xcconfig"; sourceTree = "<group>"; };
/* End PBXFileReference section */

/* Begin PBXFrameworksBuildPhase section */
		57B38A021F2CD7AA0020531A /* Frameworks */ = {
			isa = PBXFrameworksBuildPhase;
			buildActionMask = 2147483647;
			files = (
				5765E1C71F2CDA8600354EDA /* AudioToolbox.framework in Frameworks */,
				0464340B9176DD5D27F5E477 /* Pods_iOS_6.framework in Frameworks */,
			);
			runOnlyForDeploymentPostprocessing = 0;
		};
/* End PBXFrameworksBuildPhase section */

/* Begin PBXGroup section */
		5714154E1F93FE9C00C79D1F /* iOS 6 Keyboard */ = {
			isa = PBXGroup;
			children = (
				5714154F1F93FE9C00C79D1F /* KeyboardViewController.swift */,
				571415591F9400A800C79D1F /* keyboard.storyboard */,
				571415511F93FE9C00C79D1F /* Info.plist */,
			);
			path = "iOS 6 Keyboard";
			sourceTree = "<group>";
		};
		575B5BC01F2CD8EC00F67605 /* Frameworks */ = {
			isa = PBXGroup;
			children = (
				575B5BC11F2CD8EC00F67605 /* AudioToolbox.framework */,
				410157006E9066F57B3AED00 /* Pods_iOS_6.framework */,
			);
			name = Frameworks;
			sourceTree = "<group>";
		};
		57948021243922A4007385A0 /* iOS6AlertViewLib */ = {
			isa = PBXGroup;
			children = (
				57948022243922A4007385A0 /* UIPopupAlertBackground.png */,
				57948023243922A4007385A0 /* UIPopupAlertSheetButton.png */,
				57948024243922A4007385A0 /* UIPopupAlertSheetButtonPress.png */,
				57948025243922A4007385A0 /* UIPopupAlertSheetDefaultButton@2x.png */,
				57948026243922A4007385A0 /* iOS6AlertView.m */,
				57948027243922A4007385A0 /* UIPopupAlertSheetDefaultButton.png */,
				57948028243922A4007385A0 /* UIPopupAlertSheetButton@2x.png */,
				57948029243922A4007385A0 /* UIPopupAlertBackground@2x.png */,
				5794802A243922A4007385A0 /* iOS6AlertView.h */,
				5794802B243922A4007385A0 /* UIAlertViewDimming@2x.png */,
				5794802C243922A4007385A0 /* UIPopupAlertSheetButtonPress@2x.png */,
				5794802D243922A4007385A0 /* UIAlertViewDimming.png */,
			);
			path = iOS6AlertViewLib;
			sourceTree = "<group>";
		};
		57948083243922AD007385A0 /* iOS6SwitchLib */ = {
			isa = PBXGroup;
			children = (
				57948084243922AD007385A0 /* UISwitchThumb@2x.png */,
				57948085243922AD007385A0 /* iOS6Switch.h */,
				57948086243922AD007385A0 /* UISwitchShapeShadow.png */,
				57948087243922AD007385A0 /* UISwitchThumbPressed@2x.png */,
				57948088243922AD007385A0 /* iOS6Switch.m */,
				57948089243922AD007385A0 /* UISwitchShapeShadow@2x.png */,
				5794808A243922AD007385A0 /* UISwitchShapeMask.png */,
				5794808B243922AD007385A0 /* UISwitchShapeMask@2x.png */,
				5794808C243922AD007385A0 /* UISwitchThumb.png */,
				5794808D243922AD007385A0 /* UISwitchThumbPressed.png */,
			);
			path = iOS6SwitchLib;
			sourceTree = "<group>";
		};
		57B389FC1F2CD7AA0020531A = {
			isa = PBXGroup;
			children = (
				64F626C2267FF3B700EFA757 /* splashSetupFinishViewController.swift */,
				64F626C4267FF48400EFA757 /* Bridge.storyboard */,
				64F626C6267FF49000EFA757 /* bridgeViewController.swift */,
				57E8DE2F2453BAE10056F2F3 /* new-mail.caf */,
				5765E1CD1F2CDAF800354EDA /* iphone_unlock.mp3 */,
				5765E1CC1F2CDAF600354EDA /* iphone_lock_screen.mp3 */,
				57754DF02431553D005C57E7 /* charging.mp3 */,
				57754DF22431553E005C57E7 /* dtmf-0.mp3 */,
				57754DEB2431553C005C57E7 /* dtmf-1.mp3 */,
				57754E0324315545005C57E7 /* photoShutter.mp3 */,
				57754DF32431553E005C57E7 /* dtmf-3.mp3 */,
				57754DF12431553E005C57E7 /* dtmf-4.mp3 */,
				57754DF42431553F005C57E7 /* dtmf-7.mp3 */,
				57754DEF2431553D005C57E7 /* dtmf-8.mp3 */,
				57754DF52431553F005C57E7 /* dtmf-9.mp3 */,
				57754DE92431553B005C57E7 /* dtmf-2.mp3 */,
				57754DEA2431553B005C57E7 /* dtmf-5.mp3 */,
				57754DEC2431553C005C57E7 /* dtmf-6.mp3 */,
				57754DED2431553D005C57E7 /* dtmf-hashtag.mp3 */,
				57754DEE2431553D005C57E7 /* dtmf-star.mp3 */,
				640B2E45267FEF9000EA53C7 /* Fonts */,
				57948083243922AD007385A0 /* iOS6SwitchLib */,
				57948021243922A4007385A0 /* iOS6AlertViewLib */,
				57B38A071F2CD7AA0020531A /* iOS 6 */,
				5714154E1F93FE9C00C79D1F /* iOS 6 Keyboard */,
				57B38A061F2CD7AA0020531A /* Products */,
				575B5BC01F2CD8EC00F67605 /* Frameworks */,
				B4793E233014B724430091AF /* Pods */,
			);
			sourceTree = "<group>";
		};
		57B38A061F2CD7AA0020531A /* Products */ = {
			isa = PBXGroup;
			children = (
				57B38A051F2CD7AA0020531A /* iOS 6.app */,
			);
			name = Products;
			sourceTree = "<group>";
		};
		57B38A071F2CD7AA0020531A /* iOS 6 */ = {
			isa = PBXGroup;
			children = (
				574AB6042468B1B100D9EEC4 /* metaWallpaperChangerCollectionViewCell.swift */,
				574AB6062468B1CB00D9EEC4 /* metaWallpaperChangerViewController.swift */,
				57184B0B24527AD700D1E8DD /* SettingsBundleHelper.swift */,
				578F6ADB24735B05005E8A09 /* Helper.swift */,
				57E8DE2B24539EFD0056F2F3 /* mailViewController.swift */,
				57E8DE2D2453A29F0056F2F3 /* mailListTableViewCell.swift */,
				57184B0924527AD400D1E8DD /* Settings.bundle */,
				57FAC2751F479F6A00B1E254 /* reachability.swift */,
				57F4CA6C1F477E75008C89AD /* testViewController.swift */,
				574AB6002468AFC500D9EEC4 /* wallpaperView.swift */,
				57B38A4B1F2CD80E0020531A /* Main.storyboard */,
				64FDDFE0281A15F900409106 /* icloudLoginViewController.swift */,
				64EF8B68267FEB5C00C8286D /* splashSetup.storyboard */,
				579B0BB824FDA5F800BC5C14 /* installOSViewController.swift */,
				572C1BD41F956A0F0094CF77 /* statusBarViewController.swift */,
				57B38A481F2CD80E0020531A /* iPad.storyboard */,
				57B38A491F2CD80E0020531A /* LaunchScreen.storyboard */,
				5741DF6E246A05E800C2D16D /* currentCallViewController.swift */,
				57B38A081F2CD7AA0020531A /* AppDelegate.swift */,
				57DFE5522CEAA15700772548 /* Extensions.swift */,
				57404CD81F92E6D000A19719 /* LocationDelegate.swift */,
				57F53CA92550A0CB00FE93BF /* Assets.xcassets */,
				57404CD61F92E5FF00A19719 /* compassViewController.swift */,
				57983E0E1F48868000C1BB8F /* setup1ViewController.swift */,
				57983E0C1F4884A300C1BB8F /* setup.storyboard */,
				57C642871F2E264600206A7D /* phoneViewController.swift */,
				5783F2FA1F2D3B6F009FB601 /* loxoneViewController.swift */,
				57F4CA6E1F478D1A008C89AD /* singleCodeViewController.swift */,
				57B38A0A1F2CD7AA0020531A /* ViewController.swift */,
				57B38A391F2CD80E0020531A /* appstoreViewController.swift */,
				57B38A3A1F2CD80E0020531A /* boot1ViewController.swift */,
				5794809724392E9A007385A0 /* metaSettingsViewController.swift */,
				57B38A3B1F2CD80E0020531A /* boot2ViewController.swift */,
				57B38A3C1F2CD80E0020531A /* boot3ViewController.swift */,
				57B38A3D1F2CD80E0020531A /* boot4ViewController.swift */,
				57B38A3E1F2CD80E0020531A /* boot5ViewController.swift */,
				57B38A3F1F2CD80E0020531A /* boot6ViewController.swift */,
				57B38A401F2CD80E0020531A /* boot7ViewController.swift */,
				57B38A411F2CD80E0020531A /* boot8ViewController.swift */,
				57B38A421F2CD80E0020531A /* boot9ViewController.swift */,
				57DA0CB71F47AD9F001DECC4 /* bootErrorViewController.swift */,
				57B38A431F2CD80E0020531A /* calculator.swift */,
				57B38A441F2CD80E0020531A /* cameraViewController.swift */,
				5765E1D01F2CE73D00354EDA /* camPreviewViewController.swift */,
				574268211F37A357009A39DD /* consoleViewController.swift */,
				57B38A451F2CD80E0020531A /* facebookViewController.swift */,
				57B38A461F2CD80E0020531A /* homescreen2ViewController.swift */,
				57B38A4A1F2CD80E0020531A /* lockscreenViewController.swift */,
				57BB51A2246B5B2D0096CAA2 /* phoneAdressbookViewController.swift */,
				57BB51A4246B5B470096CAA2 /* adressBookTableViewCell.swift */,
				57D8B4611F2E757200E97D7C /* shimmerButtonViewController.swift */,
				57B38A4C1F2CD80E0020531A /* mapsViewController.swift */,
				5783F2FC1F2D3E7C009FB601 /* musicViewController.swift */,
				57B38A4D1F2CD80E0020531A /* messagesViewController.swift */,
				57DAD1E11F77EF5600144B15 /* lockscreenDeactivatedViewController.swift */,
				57B38A4E1F2CD80E0020531A /* notesViewController.swift */,
				57B38A4F1F2CD80E0020531A /* noverbosebootViewController.swift */,
				57B38A501F2CD80E0020531A /* passbookViewController.swift */,
				57B38A511F2CD80E0020531A /* safariViewController.swift */,
				5794809924393610007385A0 /* mvgViewController.swift */,
				57B38A521F2CD80E0020531A /* settingsViewController.swift */,
				57B38A531F2CD80E0020531A /* tttlViewController.swift */,
				57B38A541F2CD80E0020531A /* unlock1ViewController.swift */,
				57B38A551F2CD80E0020531A /* unlock2ViewController.swift */,
				57B38A561F2CD80E0020531A /* unlock3ViewController.swift */,
				57B38A571F2CD80E0020531A /* unlock4ViewController.swift */,
				57B38A581F2CD80E0020531A /* unlock5ViewController.swift */,
				57B38A171F2CD7AA0020531A /* Info.plist */,
				57B38A0F1F2CD7AA0020531A /* iOS_6.xcdatamodeld */,
				57B38A471F2CD80E0020531A /* iOS 6.entitlements */,
			);
			path = "iOS 6";
			sourceTree = "<group>";
		};
		640B2E45267FEF9000EA53C7 /* Fonts */ = {
			isa = PBXGroup;
			children = (
				640B2E46267FEF9000EA53C7 /* Hackensack.ttf */,
				640B2E47267FEF9000EA53C7 /* Phosphate-Inline.ttf */,
				640B2E48267FEF9000EA53C7 /* Superclarendon Bold.ttf */,
			);
			path = Fonts;
			sourceTree = "<group>";
		};
		B4793E233014B724430091AF /* Pods */ = {
			isa = PBXGroup;
			children = (
				3AECB992EA1749E9E1CBE5B4 /* Pods-iOS 6.debug.xcconfig */,
				8283E0F5F1C91349DB5DF78A /* Pods-iOS 6.release.xcconfig */,
			);
			path = Pods;
			sourceTree = "<group>";
		};
/* End PBXGroup section */

/* Begin PBXNativeTarget section */
		57B38A041F2CD7AA0020531A /* iOS 6 */ = {
			isa = PBXNativeTarget;
			buildConfigurationList = 57B38A301F2CD7AB0020531A /* Build configuration list for PBXNativeTarget "iOS 6" */;
			buildPhases = (
				B1352F29C211B96B6D54B271 /* [CP] Check Pods Manifest.lock */,
				57B38A011F2CD7AA0020531A /* Sources */,
				57B38A021F2CD7AA0020531A /* Frameworks */,
				57B38A031F2CD7AA0020531A /* Resources */,
				57DF93301F44B86700576006 /* Embed Frameworks */,
				571415581F93FE9C00C79D1F /* Embed App Extensions */,
				39C921D524F5AE2BE1396D31 /* [CP] Embed Pods Frameworks */,
			);
			buildRules = (
			);
			dependencies = (
			);
			name = "iOS 6";
			packageProductDependencies = (
			);
			productName = "iOS 6";
			productReference = 57B38A051F2CD7AA0020531A /* iOS 6.app */;
			productType = "com.apple.product-type.application";
		};
/* End PBXNativeTarget section */

/* Begin PBXProject section */
		57B389FD1F2CD7AA0020531A /* Project object */ = {
			isa = PBXProject;
			attributes = {
				KnownAssetTags = (
					New,
				);
				LastSwiftUpdateCheck = 0910;
				LastUpgradeCheck = 1220;
				ORGANIZATIONNAME = "Victor Lobe";
				TargetAttributes = {
					57B38A041F2CD7AA0020531A = {
						CreatedOnToolsVersion = 8.3.3;
						DevelopmentTeam = F6ZD5PBKMC;
						ProvisioningStyle = Automatic;
						SystemCapabilities = {
							com.apple.BackgroundModes = {
								enabled = 1;
							};
							com.apple.InterAppAudio = {
								enabled = 1;
							};
						};
					};
				};
			};
			buildConfigurationList = 57B38A001F2CD7AA0020531A /* Build configuration list for PBXProject "iOS 6" */;
			compatibilityVersion = "Xcode 3.2";
			developmentRegion = en;
			hasScannedForEncodings = 0;
			knownRegions = (
				en,
				Base,
			);
			mainGroup = 57B389FC1F2CD7AA0020531A;
			packageReferences = (
			);
			productRefGroup = 57B38A061F2CD7AA0020531A /* Products */;
			projectDirPath = "";
			projectRoot = "";
			targets = (
				57B38A041F2CD7AA0020531A /* iOS 6 */,
			);
		};
/* End PBXProject section */

/* Begin PBXResourcesBuildPhase section */
		57B38A031F2CD7AA0020531A /* Resources */ = {
			isa = PBXResourcesBuildPhase;
			buildActionMask = 2147483647;
			files = (
				5794808E243922AD007385A0 /* UISwitchThumb@2x.png in Resources */,
				57983E0D1F4884A300C1BB8F /* setup.storyboard in Resources */,
				57948095243922AD007385A0 /* UISwitchThumb.png in Resources */,
				64EF8B69267FEB5C00C8286D /* splashSetup.storyboard in Resources */,
				57948038243922A5007385A0 /* UIAlertViewDimming.png in Resources */,
				57B38A691F2CD80E0020531A /* LaunchScreen.storyboard in Resources */,
				57948096243922AD007385A0 /* UISwitchThumbPressed.png in Resources */,
				5765E1CE1F2CDB0B00354EDA /* iphone_unlock.mp3 in Resources */,
				57B38A681F2CD80E0020531A /* iPad.storyboard in Resources */,
				57E8DE302453BAE10056F2F3 /* new-mail.caf in Resources */,
				57754E0024315540005C57E7 /* dtmf-3.mp3 in Resources */,
				57754E0424315545005C57E7 /* photoShutter.mp3 in Resources */,
				57948035243922A5007385A0 /* UIPopupAlertBackground@2x.png in Resources */,
				57754DF624315540005C57E7 /* dtmf-2.mp3 in Resources */,
				57754E0224315540005C57E7 /* dtmf-9.mp3 in Resources */,
				57948090243922AD007385A0 /* UISwitchThumbPressed@2x.png in Resources */,
				57948031243922A5007385A0 /* UIPopupAlertSheetDefaultButton@2x.png in Resources */,
				57754E0124315540005C57E7 /* dtmf-7.mp3 in Resources */,
				57754DF924315540005C57E7 /* dtmf-6.mp3 in Resources */,
				57948030243922A5007385A0 /* UIPopupAlertSheetButtonPress.png in Resources */,
				57754DFC24315540005C57E7 /* dtmf-8.mp3 in Resources */,
				57948037243922A5007385A0 /* UIPopupAlertSheetButtonPress@2x.png in Resources */,
				57948093243922AD007385A0 /* UISwitchShapeMask.png in Resources */,
				57754DFE24315540005C57E7 /* dtmf-4.mp3 in Resources */,
				640B2E4A267FEF9000EA53C7 /* Phosphate-Inline.ttf in Resources */,
				57948092243922AD007385A0 /* UISwitchShapeShadow@2x.png in Resources */,
				57754DF724315540005C57E7 /* dtmf-5.mp3 in Resources */,
				57F53CAA2550A0CC00FE93BF /* Assets.xcassets in Resources */,
				57754DFB24315540005C57E7 /* dtmf-star.mp3 in Resources */,
				57754DFF24315540005C57E7 /* dtmf-0.mp3 in Resources */,
				5765E1CF1F2CDB0D00354EDA /* iphone_lock_screen.mp3 in Resources */,
				64F626C5267FF48400EFA757 /* Bridge.storyboard in Resources */,
				5794802E243922A5007385A0 /* UIPopupAlertBackground.png in Resources */,
				57948034243922A5007385A0 /* UIPopupAlertSheetButton@2x.png in Resources */,
				640B2E49267FEF9000EA53C7 /* Hackensack.ttf in Resources */,
				57948036243922A5007385A0 /* UIAlertViewDimming@2x.png in Resources */,
				57B38A6B1F2CD80E0020531A /* Main.storyboard in Resources */,
				57184B0A24527AD400D1E8DD /* Settings.bundle in Resources */,
				57754DFD24315540005C57E7 /* charging.mp3 in Resources */,
				640B2E4B267FEF9000EA53C7 /* Superclarendon Bold.ttf in Resources */,
				57948033243922A5007385A0 /* UIPopupAlertSheetDefaultButton.png in Resources */,
				5794802F243922A5007385A0 /* UIPopupAlertSheetButton.png in Resources */,
				57754DFA24315540005C57E7 /* dtmf-hashtag.mp3 in Resources */,
				5794808F243922AD007385A0 /* UISwitchShapeShadow.png in Resources */,
				57948094243922AD007385A0 /* UISwitchShapeMask@2x.png in Resources */,
				57754DF824315540005C57E7 /* dtmf-1.mp3 in Resources */,
			);
			runOnlyForDeploymentPostprocessing = 0;
		};
/* End PBXResourcesBuildPhase section */

/* Begin PBXShellScriptBuildPhase section */
		39C921D524F5AE2BE1396D31 /* [CP] Embed Pods Frameworks */ = {
			isa = PBXShellScriptBuildPhase;
			buildActionMask = 2147483647;
			files = (
			);
			inputPaths = (
				"${PODS_ROOT}/Target Support Files/Pods-iOS 6/Pods-iOS 6-frameworks.sh",
				"${BUILT_PRODUCTS_DIR}/OrientationTracker/OrientationTracker.framework",
				"${BUILT_PRODUCTS_DIR}/Postal/Postal.framework",
				"${BUILT_PRODUCTS_DIR}/ReachabilitySwift/Reachability.framework",
				"${BUILT_PRODUCTS_DIR}/SwiftyCam/SwiftyCam.framework",
			);
			name = "[CP] Embed Pods Frameworks";
			outputPaths = (
				"${TARGET_BUILD_DIR}/${FRAMEWORKS_FOLDER_PATH}/OrientationTracker.framework",
				"${TARGET_BUILD_DIR}/${FRAMEWORKS_FOLDER_PATH}/Postal.framework",
				"${TARGET_BUILD_DIR}/${FRAMEWORKS_FOLDER_PATH}/Reachability.framework",
				"${TARGET_BUILD_DIR}/${FRAMEWORKS_FOLDER_PATH}/SwiftyCam.framework",
			);
			runOnlyForDeploymentPostprocessing = 0;
			shellPath = /bin/sh;
			shellScript = "\"${PODS_ROOT}/Target Support Files/Pods-iOS 6/Pods-iOS 6-frameworks.sh\"\n";
			showEnvVarsInLog = 0;
		};
		B1352F29C211B96B6D54B271 /* [CP] Check Pods Manifest.lock */ = {
			isa = PBXShellScriptBuildPhase;
			buildActionMask = 2147483647;
			files = (
			);
			inputFileListPaths = (
			);
			inputPaths = (
				"${PODS_PODFILE_DIR_PATH}/Podfile.lock",
				"${PODS_ROOT}/Manifest.lock",
			);
			name = "[CP] Check Pods Manifest.lock";
			outputFileListPaths = (
			);
			outputPaths = (
				"$(DERIVED_FILE_DIR)/Pods-iOS 6-checkManifestLockResult.txt",
			);
			runOnlyForDeploymentPostprocessing = 0;
			shellPath = /bin/sh;
			shellScript = "diff \"${PODS_PODFILE_DIR_PATH}/Podfile.lock\" \"${PODS_ROOT}/Manifest.lock\" > /dev/null\nif [ $? != 0 ] ; then\n    # print error to STDERR\n    echo \"error: The sandbox is not in sync with the Podfile.lock. Run 'pod install' or update your CocoaPods installation.\" >&2\n    exit 1\nfi\n# This output is used by Xcode 'outputs' to avoid re-running this script phase.\necho \"SUCCESS\" > \"${SCRIPT_OUTPUT_FILE_0}\"\n";
			showEnvVarsInLog = 0;
		};
/* End PBXShellScriptBuildPhase section */

/* Begin PBXSourcesBuildPhase section */
		57B38A011F2CD7AA0020531A /* Sources */ = {
			isa = PBXSourcesBuildPhase;
			buildActionMask = 2147483647;
			files = (
				57F4CA6F1F478D1A008C89AD /* singleCodeViewController.swift in Sources */,
				57E8DE2C24539EFD0056F2F3 /* mailViewController.swift in Sources */,
				57B38A6C1F2CD80E0020531A /* mapsViewController.swift in Sources */,
				57B38A741F2CD80E0020531A /* unlock1ViewController.swift in Sources */,
				5794809A24393611007385A0 /* mvgViewController.swift in Sources */,
				57B38A661F2CD80E0020531A /* facebookViewController.swift in Sources */,
				57404CD91F92E6D100A19719 /* LocationDelegate.swift in Sources */,
				57B38A5B1F2CD80E0020531A /* boot1ViewController.swift in Sources */,
				57DA0CB81F47AD9F001DECC4 /* bootErrorViewController.swift in Sources */,
				574AB6072468B1CB00D9EEC4 /* metaWallpaperChangerViewController.swift in Sources */,
				57B38A5A1F2CD80E0020531A /* appstoreViewController.swift in Sources */,
				5741DF6F246A05E800C2D16D /* currentCallViewController.swift in Sources */,
				574AB6052468B1B100D9EEC4 /* metaWallpaperChangerCollectionViewCell.swift in Sources */,
				57B38A5D1F2CD80E0020531A /* boot3ViewController.swift in Sources */,
				57B38A721F2CD80E0020531A /* settingsViewController.swift in Sources */,
				57B38A761F2CD80E0020531A /* unlock3ViewController.swift in Sources */,
				57983E0F1F48868000C1BB8F /* setup1ViewController.swift in Sources */,
				57184B0C24527AD800D1E8DD /* SettingsBundleHelper.swift in Sources */,
				57B38A731F2CD80E0020531A /* tttlViewController.swift in Sources */,
				5765E1C51F2CD9D400354EDA /* ViewController.swift in Sources */,
				57B38A621F2CD80E0020531A /* boot8ViewController.swift in Sources */,
				5765E1D11F2CE73D00354EDA /* camPreviewViewController.swift in Sources */,
				57B38A671F2CD80E0020531A /* homescreen2ViewController.swift in Sources */,
				57B38A701F2CD80E0020531A /* passbookViewController.swift in Sources */,
				57B38A751F2CD80E0020531A /* unlock2ViewController.swift in Sources */,
				57B38A5E1F2CD80E0020531A /* boot4ViewController.swift in Sources */,
				64F626C3267FF3B700EFA757 /* splashSetupFinishViewController.swift in Sources */,
				57404CD71F92E5FF00A19719 /* compassViewController.swift in Sources */,
				57B38A111F2CD7AA0020531A /* iOS_6.xcdatamodeld in Sources */,
				579B0BB924FDA5F800BC5C14 /* installOSViewController.swift in Sources */,
				57BB51A3246B5B2D0096CAA2 /* phoneAdressbookViewController.swift in Sources */,
				5783F2FB1F2D3B6F009FB601 /* loxoneViewController.swift in Sources */,
				5783F2FD1F2D3E7C009FB601 /* musicViewController.swift in Sources */,
				572C1BD51F956A0F0094CF77 /* statusBarViewController.swift in Sources */,
				57B38A631F2CD80E0020531A /* boot9ViewController.swift in Sources */,
				57B38A6E1F2CD80E0020531A /* notesViewController.swift in Sources */,
				57B38A651F2CD80E0020531A /* cameraViewController.swift in Sources */,
				57BB51A5246B5B470096CAA2 /* adressBookTableViewCell.swift in Sources */,
				57B38A5F1F2CD80E0020531A /* boot5ViewController.swift in Sources */,
				57B38A5C1F2CD80E0020531A /* boot2ViewController.swift in Sources */,
				574AB6012468AFC500D9EEC4 /* wallpaperView.swift in Sources */,
				57B38A601F2CD80E0020531A /* boot6ViewController.swift in Sources */,
				57B38A781F2CD80E0020531A /* unlock5ViewController.swift in Sources */,
				57E8DE2E2453A29F0056F2F3 /* mailListTableViewCell.swift in Sources */,
				57F4CA6D1F477E75008C89AD /* testViewController.swift in Sources */,
				57B38A611F2CD80E0020531A /* boot7ViewController.swift in Sources */,
				574268221F37A358009A39DD /* consoleViewController.swift in Sources */,
				57C642881F2E264600206A7D /* phoneViewController.swift in Sources */,
				57D8B4621F2E757200E97D7C /* shimmerButtonViewController.swift in Sources */,
				578F6ADC24735B05005E8A09 /* Helper.swift in Sources */,
				64FDDFE1281A15F900409106 /* icloudLoginViewController.swift in Sources */,
				57B38A711F2CD80E0020531A /* safariViewController.swift in Sources */,
				57B38A091F2CD7AA0020531A /* AppDelegate.swift in Sources */,
				57B38A771F2CD80E0020531A /* unlock4ViewController.swift in Sources */,
				57948091243922AD007385A0 /* iOS6Switch.m in Sources */,
				64F626C7267FF49000EFA757 /* bridgeViewController.swift in Sources */,
				57B38A6F1F2CD80E0020531A /* noverbosebootViewController.swift in Sources */,
				57B38A641F2CD80E0020531A /* calculator.swift in Sources */,
				57B38A6D1F2CD80E0020531A /* messagesViewController.swift in Sources */,
				57FAC2761F479F6B00B1E254 /* reachability.swift in Sources */,
				57DFE5532CEAA15700772548 /* Extensions.swift in Sources */,
				57DAD1E21F77EF5600144B15 /* lockscreenDeactivatedViewController.swift in Sources */,
				57948032243922A5007385A0 /* iOS6AlertView.m in Sources */,
				57B38A6A1F2CD80E0020531A /* lockscreenViewController.swift in Sources */,
				5794809824392E9A007385A0 /* metaSettingsViewController.swift in Sources */,
			);
			runOnlyForDeploymentPostprocessing = 0;
		};
/* End PBXSourcesBuildPhase section */

/* Begin XCBuildConfiguration section */
		57B38A2E1F2CD7AB0020531A /* Debug */ = {
			isa = XCBuildConfiguration;
			buildSettings = {
				ALWAYS_SEARCH_USER_PATHS = NO;
				CLANG_ANALYZER_NONNULL = YES;
				CLANG_ANALYZER_NUMBER_OBJECT_CONVERSION = YES_AGGRESSIVE;
				CLANG_CXX_LANGUAGE_STANDARD = "gnu++0x";
				CLANG_CXX_LIBRARY = "libc++";
				CLANG_ENABLE_MODULES = YES;
				CLANG_ENABLE_OBJC_ARC = YES;
				CLANG_WARN_BLOCK_CAPTURE_AUTORELEASING = YES;
				CLANG_WARN_BOOL_CONVERSION = YES;
				CLANG_WARN_COMMA = YES;
				CLANG_WARN_CONSTANT_CONVERSION = YES;
				CLANG_WARN_DEPRECATED_OBJC_IMPLEMENTATIONS = YES;
				CLANG_WARN_DIRECT_OBJC_ISA_USAGE = YES_ERROR;
				CLANG_WARN_DOCUMENTATION_COMMENTS = YES;
				CLANG_WARN_EMPTY_BODY = YES;
				CLANG_WARN_ENUM_CONVERSION = YES;
				CLANG_WARN_INFINITE_RECURSION = YES;
				CLANG_WARN_INT_CONVERSION = YES;
				CLANG_WARN_NON_LITERAL_NULL_CONVERSION = YES;
				CLANG_WARN_OBJC_IMPLICIT_RETAIN_SELF = YES;
				CLANG_WARN_OBJC_LITERAL_CONVERSION = YES;
				CLANG_WARN_OBJC_ROOT_CLASS = YES_ERROR;
				CLANG_WARN_QUOTED_INCLUDE_IN_FRAMEWORK_HEADER = YES;
				CLANG_WARN_RANGE_LOOP_ANALYSIS = YES;
				CLANG_WARN_STRICT_PROTOTYPES = YES;
				CLANG_WARN_SUSPICIOUS_MOVE = YES;
				CLANG_WARN_UNREACHABLE_CODE = YES;
				CLANG_WARN__DUPLICATE_METHOD_MATCH = YES;
				"CODE_SIGN_IDENTITY[sdk=iphoneos*]" = "iPhone Developer";
				COPY_PHASE_STRIP = NO;
				DEBUG_INFORMATION_FORMAT = dwarf;
				ENABLE_STRICT_OBJC_MSGSEND = YES;
				ENABLE_TESTABILITY = YES;
				GCC_C_LANGUAGE_STANDARD = gnu99;
				GCC_DYNAMIC_NO_PIC = NO;
				GCC_NO_COMMON_BLOCKS = YES;
				GCC_OPTIMIZATION_LEVEL = 0;
				GCC_PREPROCESSOR_DEFINITIONS = (
					"DEBUG=1",
					"$(inherited)",
				);
				GCC_WARN_64_TO_32_BIT_CONVERSION = YES;
				GCC_WARN_ABOUT_RETURN_TYPE = YES_ERROR;
				GCC_WARN_UNDECLARED_SELECTOR = YES;
				GCC_WARN_UNINITIALIZED_AUTOS = YES_AGGRESSIVE;
				GCC_WARN_UNUSED_FUNCTION = YES;
				GCC_WARN_UNUSED_VARIABLE = YES;
				IPHONEOS_DEPLOYMENT_TARGET = 12.0;
				MTL_ENABLE_DEBUG_INFO = YES;
				ONLY_ACTIVE_ARCH = YES;
				SDKROOT = iphoneos;
				SWIFT_ACTIVE_COMPILATION_CONDITIONS = DEBUG;
				SWIFT_OPTIMIZATION_LEVEL = "-Onone";
				TARGETED_DEVICE_FAMILY = "1,2";
			};
			name = Debug;
		};
		57B38A2F1F2CD7AB0020531A /* Release */ = {
			isa = XCBuildConfiguration;
			buildSettings = {
				ALWAYS_SEARCH_USER_PATHS = NO;
				CLANG_ANALYZER_NONNULL = YES;
				CLANG_ANALYZER_NUMBER_OBJECT_CONVERSION = YES_AGGRESSIVE;
				CLANG_CXX_LANGUAGE_STANDARD = "gnu++0x";
				CLANG_CXX_LIBRARY = "libc++";
				CLANG_ENABLE_MODULES = YES;
				CLANG_ENABLE_OBJC_ARC = YES;
				CLANG_WARN_BLOCK_CAPTURE_AUTORELEASING = YES;
				CLANG_WARN_BOOL_CONVERSION = YES;
				CLANG_WARN_COMMA = YES;
				CLANG_WARN_CONSTANT_CONVERSION = YES;
				CLANG_WARN_DEPRECATED_OBJC_IMPLEMENTATIONS = YES;
				CLANG_WARN_DIRECT_OBJC_ISA_USAGE = YES_ERROR;
				CLANG_WARN_DOCUMENTATION_COMMENTS = YES;
				CLANG_WARN_EMPTY_BODY = YES;
				CLANG_WARN_ENUM_CONVERSION = YES;
				CLANG_WARN_INFINITE_RECURSION = YES;
				CLANG_WARN_INT_CONVERSION = YES;
				CLANG_WARN_NON_LITERAL_NULL_CONVERSION = YES;
				CLANG_WARN_OBJC_IMPLICIT_RETAIN_SELF = YES;
				CLANG_WARN_OBJC_LITERAL_CONVERSION = YES;
				CLANG_WARN_OBJC_ROOT_CLASS = YES_ERROR;
				CLANG_WARN_QUOTED_INCLUDE_IN_FRAMEWORK_HEADER = YES;
				CLANG_WARN_RANGE_LOOP_ANALYSIS = YES;
				CLANG_WARN_STRICT_PROTOTYPES = YES;
				CLANG_WARN_SUSPICIOUS_MOVE = YES;
				CLANG_WARN_UNREACHABLE_CODE = YES;
				CLANG_WARN__DUPLICATE_METHOD_MATCH = YES;
				"CODE_SIGN_IDENTITY[sdk=iphoneos*]" = "iPhone Developer";
				COPY_PHASE_STRIP = NO;
				DEBUG_INFORMATION_FORMAT = "dwarf-with-dsym";
				ENABLE_NS_ASSERTIONS = NO;
				ENABLE_STRICT_OBJC_MSGSEND = YES;
				GCC_C_LANGUAGE_STANDARD = gnu99;
				GCC_NO_COMMON_BLOCKS = YES;
				GCC_WARN_64_TO_32_BIT_CONVERSION = YES;
				GCC_WARN_ABOUT_RETURN_TYPE = YES_ERROR;
				GCC_WARN_UNDECLARED_SELECTOR = YES;
				GCC_WARN_UNINITIALIZED_AUTOS = YES_AGGRESSIVE;
				GCC_WARN_UNUSED_FUNCTION = YES;
				GCC_WARN_UNUSED_VARIABLE = YES;
				IPHONEOS_DEPLOYMENT_TARGET = 12.0;
				MTL_ENABLE_DEBUG_INFO = NO;
				SDKROOT = iphoneos;
				SWIFT_OPTIMIZATION_LEVEL = "-Owholemodule";
				TARGETED_DEVICE_FAMILY = "1,2";
				VALIDATE_PRODUCT = YES;
			};
			name = Release;
		};
		57B38A311F2CD7AB0020531A /* Debug */ = {
			isa = XCBuildConfiguration;
			baseConfigurationReference = 3AECB992EA1749E9E1CBE5B4 /* Pods-iOS 6.debug.xcconfig */;
			buildSettings = {
				ALWAYS_EMBED_SWIFT_STANDARD_LIBRARIES = YES;
				ASSETCATALOG_COMPILER_APPICON_NAME = AppIcon;
				CODE_SIGN_ENTITLEMENTS = "iOS 6/iOS 6.entitlements";
				CODE_SIGN_IDENTITY = "Apple Development";
				CODE_SIGN_STYLE = Automatic;
				CURRENT_PROJECT_VERSION = 15;
				DEVELOPMENT_TEAM = F6ZD5PBKMC;
				FRAMEWORK_SEARCH_PATHS = "$(inherited)";
				INFOPLIST_FILE = "iOS 6/Info.plist";
				INFOPLIST_KEY_CFBundleDisplayName = "iOS 6";
				IPHONEOS_DEPLOYMENT_TARGET = 12.0;
				LD_RUNPATH_SEARCH_PATHS = "$(inherited) @executable_path/Frameworks";
				LIBRARY_SEARCH_PATHS = (
					"$(inherited)",
					"$(PROJECT_DIR)/dependencies/build/macos/lib",
					"$(PROJECT_DIR)/dependencies/build/ios/lib",
					"$(PROJECT_DIR)/dependencies/build/ios/lib/sasl2",
				);
				MARKETING_VERSION = 1.2;
				PRODUCT_BUNDLE_IDENTIFIER = "com.victorlobe.iOS-6-public";
				PRODUCT_NAME = "iOS 6";
				PROVISIONING_PROFILE_SPECIFIER = "";
				SWIFT_VERSION = 4.0;
			};
			name = Debug;
		};
		57B38A321F2CD7AB0020531A /* Release */ = {
			isa = XCBuildConfiguration;
			baseConfigurationReference = 8283E0F5F1C91349DB5DF78A /* Pods-iOS 6.release.xcconfig */;
			buildSettings = {
				ALWAYS_EMBED_SWIFT_STANDARD_LIBRARIES = YES;
				ASSETCATALOG_COMPILER_APPICON_NAME = AppIcon;
				CODE_SIGN_ENTITLEMENTS = "iOS 6/iOS 6.entitlements";
				CODE_SIGN_IDENTITY = "Apple Development";
				CODE_SIGN_STYLE = Automatic;
				CURRENT_PROJECT_VERSION = 15;
				DEVELOPMENT_TEAM = F6ZD5PBKMC;
				FRAMEWORK_SEARCH_PATHS = "$(inherited)";
				INFOPLIST_FILE = "iOS 6/Info.plist";
				INFOPLIST_KEY_CFBundleDisplayName = "iOS 6";
				IPHONEOS_DEPLOYMENT_TARGET = 12.0;
				LD_RUNPATH_SEARCH_PATHS = "$(inherited) @executable_path/Frameworks";
				LIBRARY_SEARCH_PATHS = (
					"$(inherited)",
					"$(PROJECT_DIR)/dependencies/build/macos/lib",
					"$(PROJECT_DIR)/dependencies/build/ios/lib",
					"$(PROJECT_DIR)/dependencies/build/ios/lib/sasl2",
				);
				MARKETING_VERSION = 1.2;
				PRODUCT_BUNDLE_IDENTIFIER = "com.victorlobe.iOS-6-public";
				PRODUCT_NAME = "iOS 6";
				PROVISIONING_PROFILE_SPECIFIER = "";
				SWIFT_VERSION = 4.0;
			};
			name = Release;
		};
/* End XCBuildConfiguration section */

/* Begin XCConfigurationList section */
		57B38A001F2CD7AA0020531A /* Build configuration list for PBXProject "iOS 6" */ = {
			isa = XCConfigurationList;
			buildConfigurations = (
				57B38A2E1F2CD7AB0020531A /* Debug */,
				57B38A2F1F2CD7AB0020531A /* Release */,
			);
			defaultConfigurationIsVisible = 0;
			defaultConfigurationName = Release;
		};
		57B38A301F2CD7AB0020531A /* Build configuration list for PBXNativeTarget "iOS 6" */ = {
			isa = XCConfigurationList;
			buildConfigurations = (
				57B38A311F2CD7AB0020531A /* Debug */,
				57B38A321F2CD7AB0020531A /* Release */,
			);
			defaultConfigurationIsVisible = 0;
			defaultConfigurationName = Release;
		};
/* End XCConfigurationList section */

/* Begin XCVersionGroup section */
		57B38A0F1F2CD7AA0020531A /* iOS_6.xcdatamodeld */ = {
			isa = XCVersionGroup;
			children = (
				57B38A101F2CD7AA0020531A /* iOS_6.xcdatamodel */,
			);
			currentVersion = 57B38A101F2CD7AA0020531A /* iOS_6.xcdatamodel */;
			path = iOS_6.xcdatamodeld;
			sourceTree = "<group>";
			versionGroupType = wrapper.xcdatamodel;
		};
/* End XCVersionGroup section */
	};
	rootObject = 57B389FD1F2CD7AA0020531A /* Project object */;
}
